
Microsoft Visual Studio Solution File, Format Version 12.00
# Visual Studio Version 16
VisualStudioVersion = 16.0.33027.164
MinimumVisualStudioVersion = 10.0.40219.1
Project("{888888A0-9F3D-457C-B088-3A5042F75D52}") = "Aves python", "Aves python\Aves python.pyproj", "{8421A95E-FD4F-482E-970B-A8CCCA29092D}"
EndProject
Global
	GlobalSection(SolutionConfigurationPlatforms) = preSolution
		Debug|Any CPU = Debug|Any CPU
		Release|Any CPU = Release|Any CPU
	EndGlobalSection
	GlobalSection(ProjectConfigurationPlatforms) = postSolution
		{8421A95E-FD4F-482E-970B-A8CCCA29092D}.Debug|Any CPU.ActiveCfg = Debug|Any CPU
		{8421A95E-FD4F-482E-970B-A8CCCA29092D}.Release|Any CPU.ActiveCfg = Release|Any CPU
	EndGlobalSection
	GlobalSection(SolutionProperties) = preSolution
		HideSolutionNode = FALSE
	EndGlobalSection
	GlobalSection(ExtensibilityGlobals) = postSolution
		SolutionGuid = {281EF31C-BEE8-4D67-99D3-F691F01DB5D6}
	EndGlobalSection
EndGlobal
